
Microsoft Visual Studio Solution File, Format Version 12.00
# Visual Studio Version 17
VisualStudioVersion = 17.4.33213.308
MinimumVisualStudioVersion = 10.0.40219.1
Project("{FAE04EC0-301F-11D3-BF4B-00C04F79EFBC}") = "Labo8api", "Labo8api.csproj", "{8BA82DFA-BDFF-47A9-A8DE-DC310CC9E854}"
EndProject
Global
	GlobalSection(SolutionConfigurationPlatforms) = preSolution
		Debug|Any CPU = Debug|Any CPU
		Release|Any CPU = Release|Any CPU
	EndGlobalSection
	GlobalSection(ProjectConfigurationPlatforms) = postSolution
		{8BA82DFA-BDFF-47A9-A8DE-DC310CC9E854}.Debug|Any CPU.ActiveCfg = Debug|Any CPU
		{8BA82DFA-BDFF-47A9-A8DE-DC310CC9E854}.Debug|Any CPU.Build.0 = Debug|Any CPU
		{8BA82DFA-BDFF-47A9-A8DE-DC310CC9E854}.Release|Any CPU.ActiveCfg = Release|Any CPU
		{8BA82DFA-BDFF-47A9-A8DE-DC310CC9E854}.Release|Any CPU.Build.0 = Release|Any CPU
	EndGlobalSection
	GlobalSection(SolutionProperties) = preSolution
		HideSolutionNode = FALSE
	EndGlobalSection
	GlobalSection(ExtensibilityGlobals) = postSolution
		SolutionGuid = {451162DA-B7BA-46E8-96B3-A1327D2914FA}
	EndGlobalSection
EndGlobal
